
Microsoft Visual Studio Solution File, Format Version 10.00
# Visual Studio 2008
Project("{FAE04EC0-301F-11D3-BF4B-00C04F79EFBC}") = "SqlCodeGen", "app\SqlCodeGen.csproj", "{88A27248-5DC3-4BEB-AB6B-F11ADA53F62E}"
EndProject
Project("{FAE04EC0-301F-11D3-BF4B-00C04F79EFBC}") = "sqlcodegensupport", "dll\sqlcodegensupport.csproj", "{461358C0-8968-4F3D-B6C1-7CE1BC01CD16}"
EndProject
Project("{FAE04EC0-301F-11D3-BF4B-00C04F79EFBC}") = "alternate formatter", "alt formatter\alternate formatter.csproj", "{461358C0-8968-4F3D-CCC1-AAE1BC01CD1F}"
EndProject
Global
	GlobalSection(TeamFoundationVersionControl) = preSolution
		SccNumberOfProjects = 4
		SccEnterpriseProvider = {4CA58AB2-18FA-4F8D-95D4-32DDF27D184C}
		SccTeamFoundationServer = https://tfs07.codeplex.com/
		SccLocalPath0 = .
		SccProjectUniqueName1 = app\\SqlCodeGen.csproj
		SccProjectName1 = app
		SccLocalPath1 = app
		SccProjectUniqueName2 = dll\\sqlcodegensupport.csproj
		SccProjectName2 = dll
		SccLocalPath2 = dll
		SccProjectUniqueName3 = alt\u0020formatter\\alternate\u0020formatter.csproj
		SccProjectName3 = alt\u0020formatter
		SccLocalPath3 = alt\u0020formatter
	EndGlobalSection
	GlobalSection(SolutionConfigurationPlatforms) = preSolution
		DEBUG ALL|Any CPU = DEBUG ALL|Any CPU
		Debug|Any CPU = Debug|Any CPU
		RELEASE ALL|Any CPU = RELEASE ALL|Any CPU
		Release|Any CPU = Release|Any CPU
	EndGlobalSection
	GlobalSection(ProjectConfigurationPlatforms) = postSolution
		{88A27248-5DC3-4BEB-AB6B-F11ADA53F62E}.DEBUG ALL|Any CPU.ActiveCfg = Debug|Any CPU
		{88A27248-5DC3-4BEB-AB6B-F11ADA53F62E}.DEBUG ALL|Any CPU.Build.0 = Debug|Any CPU
		{88A27248-5DC3-4BEB-AB6B-F11ADA53F62E}.Debug|Any CPU.ActiveCfg = Debug|Any CPU
		{88A27248-5DC3-4BEB-AB6B-F11ADA53F62E}.Debug|Any CPU.Build.0 = Debug|Any CPU
		{88A27248-5DC3-4BEB-AB6B-F11ADA53F62E}.RELEASE ALL|Any CPU.ActiveCfg = Release|Any CPU
		{88A27248-5DC3-4BEB-AB6B-F11ADA53F62E}.RELEASE ALL|Any CPU.Build.0 = Release|Any CPU
		{88A27248-5DC3-4BEB-AB6B-F11ADA53F62E}.Release|Any CPU.ActiveCfg = Release|Any CPU
		{88A27248-5DC3-4BEB-AB6B-F11ADA53F62E}.Release|Any CPU.Build.0 = Release|Any CPU
		{461358C0-8968-4F3D-B6C1-7CE1BC01CD16}.DEBUG ALL|Any CPU.ActiveCfg = Debug|Any CPU
		{461358C0-8968-4F3D-B6C1-7CE1BC01CD16}.DEBUG ALL|Any CPU.Build.0 = Debug|Any CPU
		{461358C0-8968-4F3D-B6C1-7CE1BC01CD16}.Debug|Any CPU.ActiveCfg = Debug|Any CPU
		{461358C0-8968-4F3D-B6C1-7CE1BC01CD16}.Debug|Any CPU.Build.0 = Debug|Any CPU
		{461358C0-8968-4F3D-B6C1-7CE1BC01CD16}.RELEASE ALL|Any CPU.ActiveCfg = Release|Any CPU
		{461358C0-8968-4F3D-B6C1-7CE1BC01CD16}.RELEASE ALL|Any CPU.Build.0 = Release|Any CPU
		{461358C0-8968-4F3D-B6C1-7CE1BC01CD16}.Release|Any CPU.ActiveCfg = Release|Any CPU
		{461358C0-8968-4F3D-B6C1-7CE1BC01CD16}.Release|Any CPU.Build.0 = Release|Any CPU
		{461358C0-8968-4F3D-CCC1-AAE1BC01CD1F}.DEBUG ALL|Any CPU.ActiveCfg = Debug|Any CPU
		{461358C0-8968-4F3D-CCC1-AAE1BC01CD1F}.DEBUG ALL|Any CPU.Build.0 = Debug|Any CPU
		{461358C0-8968-4F3D-CCC1-AAE1BC01CD1F}.Debug|Any CPU.ActiveCfg = Debug|Any CPU
		{461358C0-8968-4F3D-CCC1-AAE1BC01CD1F}.Debug|Any CPU.Build.0 = Debug|Any CPU
		{461358C0-8968-4F3D-CCC1-AAE1BC01CD1F}.RELEASE ALL|Any CPU.ActiveCfg = Release|Any CPU
		{461358C0-8968-4F3D-CCC1-AAE1BC01CD1F}.RELEASE ALL|Any CPU.Build.0 = Release|Any CPU
		{461358C0-8968-4F3D-CCC1-AAE1BC01CD1F}.Release|Any CPU.ActiveCfg = Release|Any CPU
		{461358C0-8968-4F3D-CCC1-AAE1BC01CD1F}.Release|Any CPU.Build.0 = Release|Any CPU
	EndGlobalSection
	GlobalSection(SolutionProperties) = preSolution
		HideSolutionNode = FALSE
	EndGlobalSection
EndGlobal
